
Microsoft Visual Studio Solution File, Format Version 12.00
# Visual Studio 15
VisualStudioVersion = 15.0.28307.2092
MinimumVisualStudioVersion = 10.0.40219.1
Project("{F184B08F-C81C-45F6-A57F-5ABD9991F28F}") = "Selection", "Selection\Selection.vbproj", "{B0777F3C-D233-44A9-9416-4495FAD8302A}"
EndProject
Global
	GlobalSection(SolutionConfigurationPlatforms) = preSolution
		Debug|Any CPU = Debug|Any CPU
		Release|Any CPU = Release|Any CPU
	EndGlobalSection
	GlobalSection(ProjectConfigurationPlatforms) = postSolution
		{B0777F3C-D233-44A9-9416-4495FAD8302A}.Debug|Any CPU.ActiveCfg = Debug|Any CPU
		{B0777F3C-D233-44A9-9416-4495FAD8302A}.Debug|Any CPU.Build.0 = Debug|Any CPU
		{B0777F3C-D233-44A9-9416-4495FAD8302A}.Release|Any CPU.ActiveCfg = Release|Any CPU
		{B0777F3C-D233-44A9-9416-4495FAD8302A}.Release|Any CPU.Build.0 = Release|Any CPU
	EndGlobalSection
	GlobalSection(SolutionProperties) = preSolution
		HideSolutionNode = FALSE
	EndGlobalSection
	GlobalSection(ExtensibilityGlobals) = postSolution
		SolutionGuid = {8BFF4C0A-4502-4D49-ABF5-A0AD9C37D4D2}
	EndGlobalSection
EndGlobal
