
Microsoft Visual Studio Solution File, Format Version 12.00
# Visual Studio 15
VisualStudioVersion = 15.0.28307.2092
MinimumVisualStudioVersion = 10.0.40219.1
Project("{F184B08F-C81C-45F6-A57F-5ABD9991F28F}") = "ExceptionHandling", "ExceptionHandling\ExceptionHandling.vbproj", "{451C18D2-1F91-40FE-99AE-FCC2B0A1805A}"
EndProject
Global
	GlobalSection(SolutionConfigurationPlatforms) = preSolution
		Debug|Any CPU = Debug|Any CPU
		Release|Any CPU = Release|Any CPU
	EndGlobalSection
	GlobalSection(ProjectConfigurationPlatforms) = postSolution
		{451C18D2-1F91-40FE-99AE-FCC2B0A1805A}.Debug|Any CPU.ActiveCfg = Debug|Any CPU
		{451C18D2-1F91-40FE-99AE-FCC2B0A1805A}.Debug|Any CPU.Build.0 = Debug|Any CPU
		{451C18D2-1F91-40FE-99AE-FCC2B0A1805A}.Release|Any CPU.ActiveCfg = Release|Any CPU
		{451C18D2-1F91-40FE-99AE-FCC2B0A1805A}.Release|Any CPU.Build.0 = Release|Any CPU
	EndGlobalSection
	GlobalSection(SolutionProperties) = preSolution
		HideSolutionNode = FALSE
	EndGlobalSection
	GlobalSection(ExtensibilityGlobals) = postSolution
		SolutionGuid = {1A2C37E0-8FA6-4098-9410-B5FB9BE3F4ED}
	EndGlobalSection
EndGlobal
